
Microsoft Visual Studio Solution File, Format Version 12.00
# Visual Studio Version 16
VisualStudioVersion = 25.0.1705.3
MinimumVisualStudioVersion = 10.0.40219.1
Project("{FAE04EC0-301F-11D3-BF4B-00C04F79EFBC}") = "testPwa", "testPwa\testPwa.csproj", "{0EFAAF67-1BF4-4D26-9004-027D2BA960F2}"
EndProject
Global
	GlobalSection(SolutionConfigurationPlatforms) = preSolution
		Debug|Any CPU = Debug|Any CPU
		Release|Any CPU = Release|Any CPU
	EndGlobalSection
	GlobalSection(ProjectConfigurationPlatforms) = postSolution
		{0EFAAF67-1BF4-4D26-9004-027D2BA960F2}.Debug|Any CPU.ActiveCfg = Debug|Any CPU
		{0EFAAF67-1BF4-4D26-9004-027D2BA960F2}.Debug|Any CPU.Build.0 = Debug|Any CPU
		{0EFAAF67-1BF4-4D26-9004-027D2BA960F2}.Release|Any CPU.ActiveCfg = Release|Any CPU
		{0EFAAF67-1BF4-4D26-9004-027D2BA960F2}.Release|Any CPU.Build.0 = Release|Any CPU
	EndGlobalSection
	GlobalSection(SolutionProperties) = preSolution
		HideSolutionNode = FALSE
	EndGlobalSection
	GlobalSection(ExtensibilityGlobals) = postSolution
		SolutionGuid = {67A0AE1F-4C96-4AD0-B067-78EB3EE4E8B2}
	EndGlobalSection
EndGlobal
